
Microsoft Visual Studio Solution File, Format Version 12.00
Project("{FAE04EC0-301F-11D3-BF4B-00C04F79EFBC}") = "T-Tasks", "T-Tasks\T-Tasks.csproj", "{A0E48549-1154-4DE4-8207-A3CBBD3F9F65}"
EndProject
Project("{FAE04EC0-301F-11D3-BF4B-00C04F79EFBC}") = "Tests", "Tests\Tests.csproj", "{005EE815-3A1A-4B1B-98F7-F5E6AD71C666}"
EndProject
Global
	GlobalSection(SolutionConfigurationPlatforms) = preSolution
		Debug|Any CPU = Debug|Any CPU
		Release|Any CPU = Release|Any CPU
	EndGlobalSection
	GlobalSection(ProjectConfigurationPlatforms) = postSolution
		{A0E48549-1154-4DE4-8207-A3CBBD3F9F65}.Debug|Any CPU.ActiveCfg = Debug|Any CPU
		{A0E48549-1154-4DE4-8207-A3CBBD3F9F65}.Debug|Any CPU.Build.0 = Debug|Any CPU
		{A0E48549-1154-4DE4-8207-A3CBBD3F9F65}.Release|Any CPU.ActiveCfg = Release|Any CPU
		{A0E48549-1154-4DE4-8207-A3CBBD3F9F65}.Release|Any CPU.Build.0 = Release|Any CPU
		{005EE815-3A1A-4B1B-98F7-F5E6AD71C666}.Debug|Any CPU.ActiveCfg = Debug|Any CPU
		{005EE815-3A1A-4B1B-98F7-F5E6AD71C666}.Debug|Any CPU.Build.0 = Debug|Any CPU
		{005EE815-3A1A-4B1B-98F7-F5E6AD71C666}.Release|Any CPU.ActiveCfg = Release|Any CPU
		{005EE815-3A1A-4B1B-98F7-F5E6AD71C666}.Release|Any CPU.Build.0 = Release|Any CPU
	EndGlobalSection
EndGlobal
